
Microsoft Visual Studio Solution File, Format Version 12.00
# Visual Studio 15
VisualStudioVersion = 15.0.27428.2002
MinimumVisualStudioVersion = 10.0.40219.1
Project("{FAE04EC0-301F-11D3-BF4B-00C04F79EFBC}") = "ObslugaVLC", "ObslugaVLC\ObslugaVLC.csproj", "{8C6C67D8-0321-4527-8D7E-F4CD76B9F8A4}"
EndProject
Project("{FAE04EC0-301F-11D3-BF4B-00C04F79EFBC}") = "Transcoder", "Transcoder\Transcoder.csproj", "{5F58625E-471F-4EF8-BF1E-E3F25FFBAFFA}"
EndProject
Global
	GlobalSection(SolutionConfigurationPlatforms) = preSolution
		Debug|Any CPU = Debug|Any CPU
		Release|Any CPU = Release|Any CPU
	EndGlobalSection
	GlobalSection(ProjectConfigurationPlatforms) = postSolution
		{8C6C67D8-0321-4527-8D7E-F4CD76B9F8A4}.Debug|Any CPU.ActiveCfg = Debug|Any CPU
		{8C6C67D8-0321-4527-8D7E-F4CD76B9F8A4}.Debug|Any CPU.Build.0 = Debug|Any CPU
		{8C6C67D8-0321-4527-8D7E-F4CD76B9F8A4}.Release|Any CPU.ActiveCfg = Release|Any CPU
		{8C6C67D8-0321-4527-8D7E-F4CD76B9F8A4}.Release|Any CPU.Build.0 = Release|Any CPU
		{5F58625E-471F-4EF8-BF1E-E3F25FFBAFFA}.Debug|Any CPU.ActiveCfg = Debug|Any CPU
		{5F58625E-471F-4EF8-BF1E-E3F25FFBAFFA}.Debug|Any CPU.Build.0 = Debug|Any CPU
		{5F58625E-471F-4EF8-BF1E-E3F25FFBAFFA}.Release|Any CPU.ActiveCfg = Release|Any CPU
		{5F58625E-471F-4EF8-BF1E-E3F25FFBAFFA}.Release|Any CPU.Build.0 = Release|Any CPU
	EndGlobalSection
	GlobalSection(SolutionProperties) = preSolution
		HideSolutionNode = FALSE
	EndGlobalSection
	GlobalSection(ExtensibilityGlobals) = postSolution
		SolutionGuid = {E452397F-8D23-4BB0-81D5-AC54A8540BD2}
	EndGlobalSection
EndGlobal
